
Microsoft Visual Studio Solution File, Format Version 12.00
# Visual Studio Version 17
VisualStudioVersion = 17.5.33627.172
MinimumVisualStudioVersion = 10.0.40219.1
Project("{FAE04EC0-301F-11D3-BF4B-00C04F79EFBC}") = "Zadanie5", "Zadanie5\Zadanie5.csproj", "{688ECD53-6282-4CE3-8508-CB4DFD077C22}"
EndProject
Global
	GlobalSection(SolutionConfigurationPlatforms) = preSolution
		Debug|Any CPU = Debug|Any CPU
		Release|Any CPU = Release|Any CPU
	EndGlobalSection
	GlobalSection(ProjectConfigurationPlatforms) = postSolution
		{688ECD53-6282-4CE3-8508-CB4DFD077C22}.Debug|Any CPU.ActiveCfg = Debug|Any CPU
		{688ECD53-6282-4CE3-8508-CB4DFD077C22}.Debug|Any CPU.Build.0 = Debug|Any CPU
		{688ECD53-6282-4CE3-8508-CB4DFD077C22}.Release|Any CPU.ActiveCfg = Release|Any CPU
		{688ECD53-6282-4CE3-8508-CB4DFD077C22}.Release|Any CPU.Build.0 = Release|Any CPU
	EndGlobalSection
	GlobalSection(SolutionProperties) = preSolution
		HideSolutionNode = FALSE
	EndGlobalSection
	GlobalSection(ExtensibilityGlobals) = postSolution
		SolutionGuid = {B88E98B3-F90E-4967-B12D-340A985385E6}
	EndGlobalSection
EndGlobal
